
Microsoft Visual Studio Solution File, Format Version 12.00
# Visual Studio Version 17
VisualStudioVersion = 17.12.35514.174 d17.12
MinimumVisualStudioVersion = 10.0.40219.1
Project("{FAE04EC0-301F-11D3-BF4B-00C04F79EFBC}") = "HollyWay", "HollyWay\HollyWay.csproj", "{27C30F27-8BD2-4F91-94EF-D4D4AD4CBA66}"
EndProject
Project("{FAE04EC0-301F-11D3-BF4B-00C04F79EFBC}") = "HollyWay_Client", "HollyWay_Client\HollyWay_Client.csproj", "{FFDB52B9-48A8-415B-B39E-EF9868C6880A}"
EndProject
Global
	GlobalSection(SolutionConfigurationPlatforms) = preSolution
		Debug|Any CPU = Debug|Any CPU
		Release|Any CPU = Release|Any CPU
	EndGlobalSection
	GlobalSection(ProjectConfigurationPlatforms) = postSolution
		{27C30F27-8BD2-4F91-94EF-D4D4AD4CBA66}.Debug|Any CPU.ActiveCfg = Debug|Any CPU
		{27C30F27-8BD2-4F91-94EF-D4D4AD4CBA66}.Debug|Any CPU.Build.0 = Debug|Any CPU
		{27C30F27-8BD2-4F91-94EF-D4D4AD4CBA66}.Release|Any CPU.ActiveCfg = Release|Any CPU
		{27C30F27-8BD2-4F91-94EF-D4D4AD4CBA66}.Release|Any CPU.Build.0 = Release|Any CPU
		{FFDB52B9-48A8-415B-B39E-EF9868C6880A}.Debug|Any CPU.ActiveCfg = Debug|Any CPU
		{FFDB52B9-48A8-415B-B39E-EF9868C6880A}.Debug|Any CPU.Build.0 = Debug|Any CPU
		{FFDB52B9-48A8-415B-B39E-EF9868C6880A}.Release|Any CPU.ActiveCfg = Release|Any CPU
		{FFDB52B9-48A8-415B-B39E-EF9868C6880A}.Release|Any CPU.Build.0 = Release|Any CPU
	EndGlobalSection
	GlobalSection(SolutionProperties) = preSolution
		HideSolutionNode = FALSE
	EndGlobalSection
EndGlobal
